
Microsoft Visual Studio Solution File, Format Version 12.00
# Visual Studio Version 17
VisualStudioVersion = 17.7.33920.267
MinimumVisualStudioVersion = 10.0.40219.1
Project("{9A19103F-16F7-4668-BE54-9A1E7A4F7556}") = "BPConnect.Database", "..\BPConnect.Database\BPConnect.Database.csproj", "{CEBCD459-F62D-40F0-B45D-9B9A702983DE}"
EndProject
Global
	GlobalSection(SolutionConfigurationPlatforms) = preSolution
		Debug|Any CPU = Debug|Any CPU
		Release|Any CPU = Release|Any CPU
	EndGlobalSection
	GlobalSection(ProjectConfigurationPlatforms) = postSolution
		{CEBCD459-F62D-40F0-B45D-9B9A702983DE}.Debug|Any CPU.ActiveCfg = Debug|Any CPU
		{CEBCD459-F62D-40F0-B45D-9B9A702983DE}.Debug|Any CPU.Build.0 = Debug|Any CPU
		{CEBCD459-F62D-40F0-B45D-9B9A702983DE}.Release|Any CPU.ActiveCfg = Release|Any CPU
		{CEBCD459-F62D-40F0-B45D-9B9A702983DE}.Release|Any CPU.Build.0 = Release|Any CPU
	EndGlobalSection
	GlobalSection(SolutionProperties) = preSolution
		HideSolutionNode = FALSE
	EndGlobalSection
	GlobalSection(ExtensibilityGlobals) = postSolution
		SolutionGuid = {763E9D0E-D428-4235-ABB3-132742DACC77}
	EndGlobalSection
EndGlobal
